// !$*UTF8*$!
{
	archiveVersion = 1;
	classes = {
	};
	objectVersion = 50;
	objects = {

/* Begin PBXBuildFile section */
		1B11B2B42577D3AF00B68278 /* AppDelegate.swift in Sources */ = {isa = PBXBuildFile; fileRef = 1B11B2B32577D3AF00B68278 /* AppDelegate.swift */; };
		1B11B2B62577D3AF00B68278 /* SceneDelegate.swift in Sources */ = {isa = PBXBuildFile; fileRef = 1B11B2B52577D3AF00B68278 /* SceneDelegate.swift */; };
		1B11B2BB2577D3AF00B68278 /* Main.storyboard in Resources */ = {isa = PBXBuildFile; fileRef = 1B11B2B92577D3AF00B68278 /* Main.storyboard */; };
		1B11B2BD2577D3B200B68278 /* Assets.xcassets in Resources */ = {isa = PBXBuildFile; fileRef = 1B11B2BC2577D3B200B68278 /* Assets.xcassets */; };
		1B11B2C02577D3B200B68278 /* LaunchScreen.storyboard in Resources */ = {isa = PBXBuildFile; fileRef = 1B11B2BE2577D3B200B68278 /* LaunchScreen.storyboard */; };
		1B11B2CC2577D43600B68278 /* NetworkService.swift in Sources */ = {isa = PBXBuildFile; fileRef = 1B11B2CB2577D43600B68278 /* NetworkService.swift */; };
		1B11B2D02577D5E200B68278 /* Station.swift in Sources */ = {isa = PBXBuildFile; fileRef = 1B11B2CF2577D5E200B68278 /* Station.swift */; };
		1B11B2D72577D64800B68278 /* Line.swift in Sources */ = {isa = PBXBuildFile; fileRef = 1B11B2D62577D64800B68278 /* Line.swift */; };
		1B476BFF257BA1B70042D26E /* ServerResponse.swift in Sources */ = {isa = PBXBuildFile; fileRef = 1B476BFE257BA1B70042D26E /* ServerResponse.swift */; };
		1B476C03257BA5980042D26E /* CollectionViewController.swift in Sources */ = {isa = PBXBuildFile; fileRef = 1B476C02257BA5980042D26E /* CollectionViewController.swift */; };
		1B9699E6257BB0F500B5263B /* LineHeaderView.swift in Sources */ = {isa = PBXBuildFile; fileRef = 1B9699E5257BB0F500B5263B /* LineHeaderView.swift */; };
		1BC8094E257BA71B005A3840 /* StationCell.swift in Sources */ = {isa = PBXBuildFile; fileRef = 1BC8094D257BA71B005A3840 /* StationCell.swift */; };
/* End PBXBuildFile section */

/* Begin PBXFileReference section */
		1B11B2B02577D3AF00B68278 /* Networking & Collection View.app */ = {isa = PBXFileReference; explicitFileType = wrapper.application; includeInIndex = 0; path = "Networking & Collection View.app"; sourceTree = BUILT_PRODUCTS_DIR; };
		1B11B2B32577D3AF00B68278 /* AppDelegate.swift */ = {isa = PBXFileReference; lastKnownFileType = sourcecode.swift; path = AppDelegate.swift; sourceTree = "<group>"; };
		1B11B2B52577D3AF00B68278 /* SceneDelegate.swift */ = {isa = PBXFileReference; lastKnownFileType = sourcecode.swift; path = SceneDelegate.swift; sourceTree = "<group>"; };
		1B11B2BA2577D3AF00B68278 /* Base */ = {isa = PBXFileReference; lastKnownFileType = file.storyboard; name = Base; path = Base.lproj/Main.storyboard; sourceTree = "<group>"; };
		1B11B2BC2577D3B200B68278 /* Assets.xcassets */ = {isa = PBXFileReference; lastKnownFileType = folder.assetcatalog; path = Assets.xcassets; sourceTree = "<group>"; };
		1B11B2BF2577D3B200B68278 /* Base */ = {isa = PBXFileReference; lastKnownFileType = file.storyboard; name = Base; path = Base.lproj/LaunchScreen.storyboard; sourceTree = "<group>"; };
		1B11B2C12577D3B200B68278 /* Info.plist */ = {isa = PBXFileReference; lastKnownFileType = text.plist.xml; path = Info.plist; sourceTree = "<group>"; };
		1B11B2CB2577D43600B68278 /* NetworkService.swift */ = {isa = PBXFileReference; lastKnownFileType = sourcecode.swift; path = NetworkService.swift; sourceTree = "<group>"; };
		1B11B2CF2577D5E200B68278 /* Station.swift */ = {isa = PBXFileReference; lastKnownFileType = sourcecode.swift; path = Station.swift; sourceTree = "<group>"; };
		1B11B2D62577D64800B68278 /* Line.swift */ = {isa = PBXFileReference; lastKnownFileType = sourcecode.swift; path = Line.swift; sourceTree = "<group>"; };
		1B476BFE257BA1B70042D26E /* ServerResponse.swift */ = {isa = PBXFileReference; lastKnownFileType = sourcecode.swift; path = ServerResponse.swift; sourceTree = "<group>"; };
		1B476C02257BA5980042D26E /* CollectionViewController.swift */ = {isa = PBXFileReference; lastKnownFileType = sourcecode.swift; path = CollectionViewController.swift; sourceTree = "<group>"; };
		1B9699E5257BB0F500B5263B /* LineHeaderView.swift */ = {isa = PBXFileReference; lastKnownFileType = sourcecode.swift; path = LineHeaderView.swift; sourceTree = "<group>"; };
		1BC8094D257BA71B005A3840 /* StationCell.swift */ = {isa = PBXFileReference; lastKnownFileType = sourcecode.swift; path = StationCell.swift; sourceTree = "<group>"; };
/* End PBXFileReference section */

/* Begin PBXFrameworksBuildPhase section */
		1B11B2AD2577D3AF00B68278 /* Frameworks */ = {
			isa = PBXFrameworksBuildPhase;
			buildActionMask = 2147483647;
			files = (
			);
			runOnlyForDeploymentPostprocessing = 0;
		};
/* End PBXFrameworksBuildPhase section */

/* Begin PBXGroup section */
		1B11B2A72577D3AF00B68278 = {
			isa = PBXGroup;
			children = (
				1B11B2B22577D3AF00B68278 /* Networking & Collection View */,
				1B11B2B12577D3AF00B68278 /* Products */,
			);
			sourceTree = "<group>";
		};
		1B11B2B12577D3AF00B68278 /* Products */ = {
			isa = PBXGroup;
			children = (
				1B11B2B02577D3AF00B68278 /* Networking & Collection View.app */,
			);
			name = Products;
			sourceTree = "<group>";
		};
		1B11B2B22577D3AF00B68278 /* Networking & Collection View */ = {
			isa = PBXGroup;
			children = (
				1B11B2C82577D3F800B68278 /* AppDelegates */,
				1B11B2CA2577D41300B68278 /* Storyboards */,
				1B11B2BC2577D3B200B68278 /* Assets.xcassets */,
				1B11B2C12577D3B200B68278 /* Info.plist */,
				1B11B2CE2577D43A00B68278 /* Service */,
				1B11B2D92577D6E500B68278 /* Model */,
				1B476C05257BA5AD0042D26E /* Controllers */,
				1BC80950257BA71F005A3840 /* View */,
			);
			path = "Networking & Collection View";
			sourceTree = "<group>";
		};
		1B11B2C82577D3F800B68278 /* AppDelegates */ = {
			isa = PBXGroup;
			children = (
				1B11B2B32577D3AF00B68278 /* AppDelegate.swift */,
				1B11B2B52577D3AF00B68278 /* SceneDelegate.swift */,
			);
			path = AppDelegates;
			sourceTree = "<group>";
		};
		1B11B2CA2577D41300B68278 /* Storyboards */ = {
			isa = PBXGroup;
			children = (
				1B11B2B92577D3AF00B68278 /* Main.storyboard */,
				1B11B2BE2577D3B200B68278 /* LaunchScreen.storyboard */,
			);
			path = Storyboards;
			sourceTree = "<group>";
		};
		1B11B2CE2577D43A00B68278 /* Service */ = {
			isa = PBXGroup;
			children = (
				1B11B2CB2577D43600B68278 /* NetworkService.swift */,
			);
			path = Service;
			sourceTree = "<group>";
		};
		1B11B2D92577D6E500B68278 /* Model */ = {
			isa = PBXGroup;
			children = (
				1B476BFE257BA1B70042D26E /* ServerResponse.swift */,
				1B11B2CF2577D5E200B68278 /* Station.swift */,
				1B11B2D62577D64800B68278 /* Line.swift */,
			);
			path = Model;
			sourceTree = "<group>";
		};
		1B476C05257BA5AD0042D26E /* Controllers */ = {
			isa = PBXGroup;
			children = (
				1B476C02257BA5980042D26E /* CollectionViewController.swift */,
			);
			path = Controllers;
			sourceTree = "<group>";
		};
		1BC80950257BA71F005A3840 /* View */ = {
			isa = PBXGroup;
			children = (
				1BC8094D257BA71B005A3840 /* StationCell.swift */,
				1B9699E5257BB0F500B5263B /* LineHeaderView.swift */,
			);
			path = View;
			sourceTree = "<group>";
		};
/* End PBXGroup section */

/* Begin PBXNativeTarget section */
		1B11B2AF2577D3AF00B68278 /* Networking & Collection View */ = {
			isa = PBXNativeTarget;
			buildConfigurationList = 1B11B2C42577D3B200B68278 /* Build configuration list for PBXNativeTarget "Networking & Collection View" */;
			buildPhases = (
				1B11B2AC2577D3AF00B68278 /* Sources */,
				1B11B2AD2577D3AF00B68278 /* Frameworks */,
				1B11B2AE2577D3AF00B68278 /* Resources */,
			);
			buildRules = (
			);
			dependencies = (
			);
			name = "Networking & Collection View";
			productName = "Networking & Collection View";
			productReference = 1B11B2B02577D3AF00B68278 /* Networking & Collection View.app */;
			productType = "com.apple.product-type.application";
		};
/* End PBXNativeTarget section */

/* Begin PBXProject section */
		1B11B2A82577D3AF00B68278 /* Project object */ = {
			isa = PBXProject;
			attributes = {
				LastSwiftUpdateCheck = 1220;
				LastUpgradeCheck = 1220;
				TargetAttributes = {
					1B11B2AF2577D3AF00B68278 = {
						CreatedOnToolsVersion = 12.2;
					};
				};
			};
			buildConfigurationList = 1B11B2AB2577D3AF00B68278 /* Build configuration list for PBXProject "Networking & Collection View" */;
			compatibilityVersion = "Xcode 9.3";
			developmentRegion = en;
			hasScannedForEncodings = 0;
			knownRegions = (
				en,
				Base,
			);
			mainGroup = 1B11B2A72577D3AF00B68278;
			productRefGroup = 1B11B2B12577D3AF00B68278 /* Products */;
			projectDirPath = "";
			projectRoot = "";
			targets = (
				1B11B2AF2577D3AF00B68278 /* Networking & Collection View */,
			);
		};
/* End PBXProject section */

/* Begin PBXResourcesBuildPhase section */
		1B11B2AE2577D3AF00B68278 /* Resources */ = {
			isa = PBXResourcesBuildPhase;
			buildActionMask = 2147483647;
			files = (
				1B11B2C02577D3B200B68278 /* LaunchScreen.storyboard in Resources */,
				1B11B2BD2577D3B200B68278 /* Assets.xcassets in Resources */,
				1B11B2BB2577D3AF00B68278 /* Main.storyboard in Resources */,
			);
			runOnlyForDeploymentPostprocessing = 0;
		};
/* End PBXResourcesBuildPhase section */

/* Begin PBXSourcesBuildPhase section */
		1B11B2AC2577D3AF00B68278 /* Sources */ = {
			isa = PBXSourcesBuildPhase;
			buildActionMask = 2147483647;
			files = (
				1B11B2D02577D5E200B68278 /* Station.swift in Sources */,
				1B11B2B42577D3AF00B68278 /* AppDelegate.swift in Sources */,
				1B9699E6257BB0F500B5263B /* LineHeaderView.swift in Sources */,
				1B11B2CC2577D43600B68278 /* NetworkService.swift in Sources */,
				1B476C03257BA5980042D26E /* CollectionViewController.swift in Sources */,
				1B476BFF257BA1B70042D26E /* ServerResponse.swift in Sources */,
				1B11B2D72577D64800B68278 /* Line.swift in Sources */,
				1BC8094E257BA71B005A3840 /* StationCell.swift in Sources */,
				1B11B2B62577D3AF00B68278 /* SceneDelegate.swift in Sources */,
			);
			runOnlyForDeploymentPostprocessing = 0;
		};
/* End PBXSourcesBuildPhase section */

/* Begin PBXVariantGroup section */
		1B11B2B92577D3AF00B68278 /* Main.storyboard */ = {
			isa = PBXVariantGroup;
			children = (
				1B11B2BA2577D3AF00B68278 /* Base */,
			);
			name = Main.storyboard;
			sourceTree = "<group>";
		};
		1B11B2BE2577D3B200B68278 /* LaunchScreen.storyboard */ = {
			isa = PBXVariantGroup;
			children = (
				1B11B2BF2577D3B200B68278 /* Base */,
			);
			name = LaunchScreen.storyboard;
			sourceTree = "<group>";
		};
/* End PBXVariantGroup section */

/* Begin XCBuildConfiguration section */
		1B11B2C22577D3B200B68278 /* Debug */ = {
			isa = XCBuildConfiguration;
			buildSettings = {
				ALWAYS_SEARCH_USER_PATHS = NO;
				CLANG_ANALYZER_NONNULL = YES;
				CLANG_ANALYZER_NUMBER_OBJECT_CONVERSION = YES_AGGRESSIVE;
				CLANG_CXX_LANGUAGE_STANDARD = "gnu++14";
				CLANG_CXX_LIBRARY = "libc++";
				CLANG_ENABLE_MODULES = YES;
				CLANG_ENABLE_OBJC_ARC = YES;
				CLANG_ENABLE_OBJC_WEAK = YES;
				CLANG_WARN_BLOCK_CAPTURE_AUTORELEASING = YES;
				CLANG_WARN_BOOL_CONVERSION = YES;
				CLANG_WARN_COMMA = YES;
				CLANG_WARN_CONSTANT_CONVERSION = YES;
				CLANG_WARN_DEPRECATED_OBJC_IMPLEMENTATIONS = YES;
				CLANG_WARN_DIRECT_OBJC_ISA_USAGE = YES_ERROR;
				CLANG_WARN_DOCUMENTATION_COMMENTS = YES;
				CLANG_WARN_EMPTY_BODY = YES;
				CLANG_WARN_ENUM_CONVERSION = YES;
				CLANG_WARN_INFINITE_RECURSION = YES;
				CLANG_WARN_INT_CONVERSION = YES;
				CLANG_WARN_NON_LITERAL_NULL_CONVERSION = YES;
				CLANG_WARN_OBJC_IMPLICIT_RETAIN_SELF = YES;
				CLANG_WARN_OBJC_LITERAL_CONVERSION = YES;
				CLANG_WARN_OBJC_ROOT_CLASS = YES_ERROR;
				CLANG_WARN_QUOTED_INCLUDE_IN_FRAMEWORK_HEADER = YES;
				CLANG_WARN_RANGE_LOOP_ANALYSIS = YES;
				CLANG_WARN_STRICT_PROTOTYPES = YES;
				CLANG_WARN_SUSPICIOUS_MOVE = YES;
				CLANG_WARN_UNGUARDED_AVAILABILITY = YES_AGGRESSIVE;
				CLANG_WARN_UNREACHABLE_CODE = YES;
				CLANG_WARN__DUPLICATE_METHOD_MATCH = YES;
				COPY_PHASE_STRIP = NO;
				DEBUG_INFORMATION_FORMAT = dwarf;
				ENABLE_STRICT_OBJC_MSGSEND = YES;
				ENABLE_TESTABILITY = YES;
				GCC_C_LANGUAGE_STANDARD = gnu11;
				GCC_DYNAMIC_NO_PIC = NO;
				GCC_NO_COMMON_BLOCKS = YES;
				GCC_OPTIMIZATION_LEVEL = 0;
				GCC_PREPROCESSOR_DEFINITIONS = (
					"DEBUG=1",
					"$(inherited)",
				);
				GCC_WARN_64_TO_32_BIT_CONVERSION = YES;
				GCC_WARN_ABOUT_RETURN_TYPE = YES_ERROR;
				GCC_WARN_UNDECLARED_SELECTOR = YES;
				GCC_WARN_UNINITIALIZED_AUTOS = YES_AGGRESSIVE;
				GCC_WARN_UNUSED_FUNCTION = YES;
				GCC_WARN_UNUSED_VARIABLE = YES;
				IPHONEOS_DEPLOYMENT_TARGET = 14.2;
				MTL_ENABLE_DEBUG_INFO = INCLUDE_SOURCE;
				MTL_FAST_MATH = YES;
				ONLY_ACTIVE_ARCH = YES;
				SDKROOT = iphoneos;
				SWIFT_ACTIVE_COMPILATION_CONDITIONS = DEBUG;
				SWIFT_OPTIMIZATION_LEVEL = "-Onone";
			};
			name = Debug;
		};
		1B11B2C32577D3B200B68278 /* Release */ = {
			isa = XCBuildConfiguration;
			buildSettings = {
				ALWAYS_SEARCH_USER_PATHS = NO;
				CLANG_ANALYZER_NONNULL = YES;
				CLANG_ANALYZER_NUMBER_OBJECT_CONVERSION = YES_AGGRESSIVE;
				CLANG_CXX_LANGUAGE_STANDARD = "gnu++14";
				CLANG_CXX_LIBRARY = "libc++";
				CLANG_ENABLE_MODULES = YES;
				CLANG_ENABLE_OBJC_ARC = YES;
				CLANG_ENABLE_OBJC_WEAK = YES;
				CLANG_WARN_BLOCK_CAPTURE_AUTORELEASING = YES;
				CLANG_WARN_BOOL_CONVERSION = YES;
				CLANG_WARN_COMMA = YES;
				CLANG_WARN_CONSTANT_CONVERSION = YES;
				CLANG_WARN_DEPRECATED_OBJC_IMPLEMENTATIONS = YES;
				CLANG_WARN_DIRECT_OBJC_ISA_USAGE = YES_ERROR;
				CLANG_WARN_DOCUMENTATION_COMMENTS = YES;
				CLANG_WARN_EMPTY_BODY = YES;
				CLANG_WARN_ENUM_CONVERSION = YES;
				CLANG_WARN_INFINITE_RECURSION = YES;
				CLANG_WARN_INT_CONVERSION = YES;
				CLANG_WARN_NON_LITERAL_NULL_CONVERSION = YES;
				CLANG_WARN_OBJC_IMPLICIT_RETAIN_SELF = YES;
				CLANG_WARN_OBJC_LITERAL_CONVERSION = YES;
				CLANG_WARN_OBJC_ROOT_CLASS = YES_ERROR;
				CLANG_WARN_QUOTED_INCLUDE_IN_FRAMEWORK_HEADER = YES;
				CLANG_WARN_RANGE_LOOP_ANALYSIS = YES;
				CLANG_WARN_STRICT_PROTOTYPES = YES;
				CLANG_WARN_SUSPICIOUS_MOVE = YES;
				CLANG_WARN_UNGUARDED_AVAILABILITY = YES_AGGRESSIVE;
				CLANG_WARN_UNREACHABLE_CODE = YES;
				CLANG_WARN__DUPLICATE_METHOD_MATCH = YES;
				COPY_PHASE_STRIP = NO;
				DEBUG_INFORMATION_FORMAT = "dwarf-with-dsym";
				ENABLE_NS_ASSERTIONS = NO;
				ENABLE_STRICT_OBJC_MSGSEND = YES;
				GCC_C_LANGUAGE_STANDARD = gnu11;
				GCC_NO_COMMON_BLOCKS = YES;
				GCC_WARN_64_TO_32_BIT_CONVERSION = YES;
				GCC_WARN_ABOUT_RETURN_TYPE = YES_ERROR;
				GCC_WARN_UNDECLARED_SELECTOR = YES;
				GCC_WARN_UNINITIALIZED_AUTOS = YES_AGGRESSIVE;
				GCC_WARN_UNUSED_FUNCTION = YES;
				GCC_WARN_UNUSED_VARIABLE = YES;
				IPHONEOS_DEPLOYMENT_TARGET = 14.2;
				MTL_ENABLE_DEBUG_INFO = NO;
				MTL_FAST_MATH = YES;
				SDKROOT = iphoneos;
				SWIFT_COMPILATION_MODE = wholemodule;
				SWIFT_OPTIMIZATION_LEVEL = "-O";
				VALIDATE_PRODUCT = YES;
			};
			name = Release;
		};
		1B11B2C52577D3B200B68278 /* Debug */ = {
			isa = XCBuildConfiguration;
			buildSettings = {
				ASSETCATALOG_COMPILER_APPICON_NAME = AppIcon;
				ASSETCATALOG_COMPILER_GLOBAL_ACCENT_COLOR_NAME = AccentColor;
				CODE_SIGN_STYLE = Automatic;
				DEVELOPMENT_TEAM = 3N5SU7Y3U3;
				INFOPLIST_FILE = "Networking & Collection View/Info.plist";
				IPHONEOS_DEPLOYMENT_TARGET = 13.0;
				LD_RUNPATH_SEARCH_PATHS = (
					"$(inherited)",
					"@executable_path/Frameworks",
				);
				PRODUCT_BUNDLE_IDENTIFIER = "anfisa.Networking---Collection-View";
				PRODUCT_NAME = "$(TARGET_NAME)";
				SWIFT_VERSION = 5.0;
				TARGETED_DEVICE_FAMILY = "1,2";
			};
			name = Debug;
		};
		1B11B2C62577D3B200B68278 /* Release */ = {
			isa = XCBuildConfiguration;
			buildSettings = {
				ASSETCATALOG_COMPILER_APPICON_NAME = AppIcon;
				ASSETCATALOG_COMPILER_GLOBAL_ACCENT_COLOR_NAME = AccentColor;
				CODE_SIGN_STYLE = Automatic;
				DEVELOPMENT_TEAM = 3N5SU7Y3U3;
				INFOPLIST_FILE = "Networking & Collection View/Info.plist";
				IPHONEOS_DEPLOYMENT_TARGET = 13.0;
				LD_RUNPATH_SEARCH_PATHS = (
					"$(inherited)",
					"@executable_path/Frameworks",
				);
				PRODUCT_BUNDLE_IDENTIFIER = "anfisa.Networking---Collection-View";
				PRODUCT_NAME = "$(TARGET_NAME)";
				SWIFT_VERSION = 5.0;
				TARGETED_DEVICE_FAMILY = "1,2";
			};
			name = Release;
		};
/* End XCBuildConfiguration section */

/* Begin XCConfigurationList section */
		1B11B2AB2577D3AF00B68278 /* Build configuration list for PBXProject "Networking & Collection View" */ = {
			isa = XCConfigurationList;
			buildConfigurations = (
				1B11B2C22577D3B200B68278 /* Debug */,
				1B11B2C32577D3B200B68278 /* Release */,
			);
			defaultConfigurationIsVisible = 0;
			defaultConfigurationName = Release;
		};
		1B11B2C42577D3B200B68278 /* Build configuration list for PBXNativeTarget "Networking & Collection View" */ = {
			isa = XCConfigurationList;
			buildConfigurations = (
				1B11B2C52577D3B200B68278 /* Debug */,
				1B11B2C62577D3B200B68278 /* Release */,
			);
			defaultConfigurationIsVisible = 0;
			defaultConfigurationName = Release;
		};
/* End XCConfigurationList section */
	};
	rootObject = 1B11B2A82577D3AF00B68278 /* Project object */;
}
